
Microsoft Visual Studio Solution File, Format Version 12.00
# Visual Studio Version 17
VisualStudioVersion = 17.8.34322.80
MinimumVisualStudioVersion = 10.0.40219.1
Project("{FAE04EC0-301F-11D3-BF4B-00C04F79EFBC}") = "Tarea1", "Tarea1\Tarea1.csproj", "{7A07677F-1A08-4C1D-9BC8-1F2E63797009}"
EndProject
Global
	GlobalSection(SolutionConfigurationPlatforms) = preSolution
		Debug|Any CPU = Debug|Any CPU
		Release|Any CPU = Release|Any CPU
	EndGlobalSection
	GlobalSection(ProjectConfigurationPlatforms) = postSolution
		{7A07677F-1A08-4C1D-9BC8-1F2E63797009}.Debug|Any CPU.ActiveCfg = Debug|Any CPU
		{7A07677F-1A08-4C1D-9BC8-1F2E63797009}.Debug|Any CPU.Build.0 = Debug|Any CPU
		{7A07677F-1A08-4C1D-9BC8-1F2E63797009}.Release|Any CPU.ActiveCfg = Release|Any CPU
		{7A07677F-1A08-4C1D-9BC8-1F2E63797009}.Release|Any CPU.Build.0 = Release|Any CPU
	EndGlobalSection
	GlobalSection(SolutionProperties) = preSolution
		HideSolutionNode = FALSE
	EndGlobalSection
	GlobalSection(ExtensibilityGlobals) = postSolution
		SolutionGuid = {E6CDC7AD-3AFF-47C3-A245-0E892B2EBC7A}
	EndGlobalSection
EndGlobal
